
Microsoft Visual Studio Solution File, Format Version 12.00
# Visual Studio Version 16
VisualStudioVersion = 16.0.29609.76
MinimumVisualStudioVersion = 10.0.40219.1
Project("{FAE04EC0-301F-11D3-BF4B-00C04F79EFBC}") = "AspNetCoreBestPractices", "AspNetCoreBestPractices\AspNetCoreBestPractices.csproj", "{B0C4E422-22C6-4893-AE1A-8BF18C2BD83F}"
EndProject
Global
	GlobalSection(SolutionConfigurationPlatforms) = preSolution
		Debug|Any CPU = Debug|Any CPU
		Release|Any CPU = Release|Any CPU
	EndGlobalSection
	GlobalSection(ProjectConfigurationPlatforms) = postSolution
		{B0C4E422-22C6-4893-AE1A-8BF18C2BD83F}.Debug|Any CPU.ActiveCfg = Debug|Any CPU
		{B0C4E422-22C6-4893-AE1A-8BF18C2BD83F}.Debug|Any CPU.Build.0 = Debug|Any CPU
		{B0C4E422-22C6-4893-AE1A-8BF18C2BD83F}.Release|Any CPU.ActiveCfg = Release|Any CPU
		{B0C4E422-22C6-4893-AE1A-8BF18C2BD83F}.Release|Any CPU.Build.0 = Release|Any CPU
	EndGlobalSection
	GlobalSection(SolutionProperties) = preSolution
		HideSolutionNode = FALSE
	EndGlobalSection
	GlobalSection(ExtensibilityGlobals) = postSolution
		SolutionGuid = {5949551C-FCDE-4115-AD4A-EEB1F46E29B8}
	EndGlobalSection
EndGlobal
